lockfileVersion: 5.4

specifiers:
  '@types/node': ^18.14.6
  redis: ^4.6.4

dependencies:
  redis: 4.6.4

devDependencies:
  '@types/node': 18.14.6

packages:

  /@redis/bloom/1.2.0_@redis+client@1.5.5:
    resolution: {integrity: sha512-HG2DFjYKbpNmVXsa0keLHp/3leGJz1mjh09f2RLGGLQZzSHpkmZWuwJbAvo3QcRY8p80m5+ZdXZdYOSBLlp7Cg==}
    peerDependencies:
      '@redis/client': ^1.0.0
    dependencies:
      '@redis/client': 1.5.5
    dev: false

  /@redis/client/1.5.5:
    resolution: {integrity: sha512-fuMnpDYSjT5JXR9rrCW1YWA4L8N/9/uS4ImT3ZEC/hcaQRI1D/9FvwjriRj1UvepIgzZXthFVKMNRzP/LNL7BQ==}
    engines: {node: '>=14'}
    dependencies:
      cluster-key-slot: 1.1.2
      generic-pool: 3.9.0
      yallist: 4.0.0
    dev: false

  /@redis/graph/1.1.0_@redis+client@1.5.5:
    resolution: {integrity: sha512-16yZWngxyXPd+MJxeSr0dqh2AIOi8j9yXKcKCwVaKDbH3HTuETpDVPcLujhFYVPtYrngSco31BUcSa9TH31Gqg==}
    peerDependencies:
      '@redis/client': ^1.0.0
    dependencies:
      '@redis/client': 1.5.5
    dev: false

  /@redis/json/1.0.4_@redis+client@1.5.5:
    resolution: {integrity: sha512-LUZE2Gdrhg0Rx7AN+cZkb1e6HjoSKaeeW8rYnt89Tly13GBI5eP4CwDVr+MY8BAYfCg4/N15OUrtLoona9uSgw==}
    peerDependencies:
      '@redis/client': ^1.0.0
    dependencies:
      '@redis/client': 1.5.5
    dev: false

  /@redis/search/1.1.1_@redis+client@1.5.5:
    resolution: {integrity: sha512-pqCXTc5e7wJJgUuJiC3hBgfoFRoPxYzwn0BEfKgejTM7M/9zP3IpUcqcjgfp8hF+LoV8rHZzcNTz7V+pEIY7LQ==}
    peerDependencies:
      '@redis/client': ^1.0.0
    dependencies:
      '@redis/client': 1.5.5
    dev: false

  /@redis/time-series/1.0.4_@redis+client@1.5.5:
    resolution: {integrity: sha512-ThUIgo2U/g7cCuZavucQTQzA9g9JbDDY2f64u3AbAoz/8vE2lt2U37LamDUVChhaDA3IRT9R6VvJwqnUfTJzng==}
    peerDependencies:
      '@redis/client': ^1.0.0
    dependencies:
      '@redis/client': 1.5.5
    dev: false

  /@types/node/18.14.6:
    resolution: {integrity: sha512-93+VvleD3mXwlLI/xASjw0FzKcwzl3OdTCzm1LaRfqgS21gfFtK3zDXM5Op9TeeMsJVOaJ2VRDpT9q4Y3d0AvA==}
    dev: true

  /cluster-key-slot/1.1.2:
    resolution: {integrity: sha512-RMr0FhtfXemyinomL4hrWcYJxmX6deFdCxpJzhDttxgO1+bcCnkk+9drydLVDmAMG7NE6aN/fl4F7ucU/90gAA==}
    engines: {node: '>=0.10.0'}
    dev: false

  /generic-pool/3.9.0:
    resolution: {integrity: sha512-hymDOu5B53XvN4QT9dBmZxPX4CWhBPPLguTZ9MMFeFa/Kg0xWVfylOVNlJji/E7yTZWFd/q9GO5TxDLq156D7g==}
    engines: {node: '>= 4'}
    dev: false

  /redis/4.6.4:
    resolution: {integrity: sha512-wi2tgDdQ+Q8q+PR5FLRx4QvDiWaA+PoJbrzsyFqlClN5R4LplHqN3scs/aGjE//mbz++W19SgxiEnQ27jnCRaA==}
    dependencies:
      '@redis/bloom': 1.2.0_@redis+client@1.5.5
      '@redis/client': 1.5.5
      '@redis/graph': 1.1.0_@redis+client@1.5.5
      '@redis/json': 1.0.4_@redis+client@1.5.5
      '@redis/search': 1.1.1_@redis+client@1.5.5
      '@redis/time-series': 1.0.4_@redis+client@1.5.5
    dev: false

  /yallist/4.0.0:
    resolution: {integrity: sha512-3wdGidZyq5PB084XLES5TpOSRA3wjXAlIWMhum2kRcv/41Sn2emQ0dycQW4uZXLejwKvg6EsvbdlVL+FYEct7A==}
    dev: false
